
Microsoft Visual Studio Solution File, Format Version 12.00
# Visual Studio Version 16
VisualStudioVersion = 16.0.32802.440
MinimumVisualStudioVersion = 10.0.40219.1
Project("{FAE04EC0-301F-11D3-BF4B-00C04F79EFBC}") = "StaticDataAPI", "StaticDataAPI.csproj", "{FED9543A-1EA0-4429-8CDE-4E6530568585}"
EndProject
Global
	GlobalSection(SolutionConfigurationPlatforms) = preSolution
		Debug|Any CPU = Debug|Any CPU
		Release|Any CPU = Release|Any CPU
	EndGlobalSection
	GlobalSection(ProjectConfigurationPlatforms) = postSolution
		{FED9543A-1EA0-4429-8CDE-4E6530568585}.Debug|Any CPU.ActiveCfg = Debug|Any CPU
		{FED9543A-1EA0-4429-8CDE-4E6530568585}.Debug|Any CPU.Build.0 = Debug|Any CPU
		{FED9543A-1EA0-4429-8CDE-4E6530568585}.Release|Any CPU.ActiveCfg = Release|Any CPU
		{FED9543A-1EA0-4429-8CDE-4E6530568585}.Release|Any CPU.Build.0 = Release|Any CPU
	EndGlobalSection
	GlobalSection(SolutionProperties) = preSolution
		HideSolutionNode = FALSE
	EndGlobalSection
	GlobalSection(ExtensibilityGlobals) = postSolution
		SolutionGuid = {FC94F162-7EDB-42A7-A822-7F9B9898D21B}
	EndGlobalSection
EndGlobal
